
Microsoft Visual Studio Solution File, Format Version 12.00
# Visual Studio Version 17
VisualStudioVersion = 17.0.31903.59
MinimumVisualStudioVersion = 10.0.40219.1
Project("{2150E333-8FDC-42A3-9474-1A3956D46DE8}") = "CQRS-ES", "CQRS-ES", "{D0DC05B9-7E99-4F1E-B36C-503D20BF8774}"
EndProject
Project("{FAE04EC0-301F-11D3-BF4B-00C04F79EFBC}") = "CQRS.Core", "CQRS-ES\CQRS.Core\CQRS.Core.csproj", "{FDE1A281-4E8A-4FCA-BBAB-883AE8EB7F3E}"
EndProject
Project("{2150E333-8FDC-42A3-9474-1A3956D46DE8}") = "SM-Post", "SM-Post", "{78C5C953-34BE-4B66-ACF9-BBDFE3514E98}"
EndProject
Project("{2150E333-8FDC-42A3-9474-1A3956D46DE8}") = "Post.Cmd", "Post.Cmd", "{0AEC473A-683F-49F9-B4E7-47A501CDB3E8}"
EndProject
Project("{FAE04EC0-301F-11D3-BF4B-00C04F79EFBC}") = "Post.Cmd.Api", "SM-Post\Post.Cmd\Post.Cmd.Api\Post.Cmd.Api.csproj", "{AEBCC0BE-26F0-428E-A0E0-3B41852CBFB3}"
EndProject
Project("{FAE04EC0-301F-11D3-BF4B-00C04F79EFBC}") = "Post.Cmd.Domain", "SM-Post\Post.Cmd\Post.Cmd.Domain\Post.Cmd.Domain.csproj", "{FBA5D46F-E4E0-4E15-9DE4-65C26A227476}"
EndProject
Project("{FAE04EC0-301F-11D3-BF4B-00C04F79EFBC}") = "Post.Cmd.Infraestructure", "SM-Post\Post.Cmd\Post.Cmd.Infraestructure\Post.Cmd.Infraestructure.csproj", "{230F467C-E270-4C7E-9BEE-08AA80323296}"
EndProject
Project("{2150E333-8FDC-42A3-9474-1A3956D46DE8}") = "Post.Query", "Post.Query", "{B0507783-D1FB-4680-92B1-48CADAA1B7A4}"
EndProject
Project("{FAE04EC0-301F-11D3-BF4B-00C04F79EFBC}") = "Post.Query.Api", "SM-Post\Post.Query\Post.Query.Api\Post.Query.Api.csproj", "{FA1FD1D8-140B-4AA9-9E49-2885863EFFE9}"
EndProject
Project("{FAE04EC0-301F-11D3-BF4B-00C04F79EFBC}") = "Post.Query.Domain", "SM-Post\Post.Query\Post.Query.Domain\Post.Query.Domain.csproj", "{172D68A3-AFEA-4F7C-8447-9DFA85835785}"
EndProject
Project("{FAE04EC0-301F-11D3-BF4B-00C04F79EFBC}") = "Post.Query.Infraestructure", "SM-Post\Post.Query\Post.Query.Infraestructure\Post.Query.Infraestructure.csproj", "{25F2DA83-5EAE-486F-B4CE-94CDBB048716}"
EndProject
Project("{FAE04EC0-301F-11D3-BF4B-00C04F79EFBC}") = "Post.Common", "SM-Post\Post.Common\Post.Common.csproj", "{B4D232A1-C83E-43A4-B15C-861126B4A0D3}"
EndProject
Global
	GlobalSection(SolutionConfigurationPlatforms) = preSolution
		Debug|Any CPU = Debug|Any CPU
		Release|Any CPU = Release|Any CPU
	EndGlobalSection
	GlobalSection(SolutionProperties) = preSolution
		HideSolutionNode = FALSE
	EndGlobalSection
	GlobalSection(ProjectConfigurationPlatforms) = postSolution
		{FDE1A281-4E8A-4FCA-BBAB-883AE8EB7F3E}.Debug|Any CPU.ActiveCfg = Debug|Any CPU
		{FDE1A281-4E8A-4FCA-BBAB-883AE8EB7F3E}.Debug|Any CPU.Build.0 = Debug|Any CPU
		{FDE1A281-4E8A-4FCA-BBAB-883AE8EB7F3E}.Release|Any CPU.ActiveCfg = Release|Any CPU
		{FDE1A281-4E8A-4FCA-BBAB-883AE8EB7F3E}.Release|Any CPU.Build.0 = Release|Any CPU
		{AEBCC0BE-26F0-428E-A0E0-3B41852CBFB3}.Debug|Any CPU.ActiveCfg = Debug|Any CPU
		{AEBCC0BE-26F0-428E-A0E0-3B41852CBFB3}.Debug|Any CPU.Build.0 = Debug|Any CPU
		{AEBCC0BE-26F0-428E-A0E0-3B41852CBFB3}.Release|Any CPU.ActiveCfg = Release|Any CPU
		{AEBCC0BE-26F0-428E-A0E0-3B41852CBFB3}.Release|Any CPU.Build.0 = Release|Any CPU
		{FBA5D46F-E4E0-4E15-9DE4-65C26A227476}.Debug|Any CPU.ActiveCfg = Debug|Any CPU
		{FBA5D46F-E4E0-4E15-9DE4-65C26A227476}.Debug|Any CPU.Build.0 = Debug|Any CPU
		{FBA5D46F-E4E0-4E15-9DE4-65C26A227476}.Release|Any CPU.ActiveCfg = Release|Any CPU
		{FBA5D46F-E4E0-4E15-9DE4-65C26A227476}.Release|Any CPU.Build.0 = Release|Any CPU
		{230F467C-E270-4C7E-9BEE-08AA80323296}.Debug|Any CPU.ActiveCfg = Debug|Any CPU
		{230F467C-E270-4C7E-9BEE-08AA80323296}.Debug|Any CPU.Build.0 = Debug|Any CPU
		{230F467C-E270-4C7E-9BEE-08AA80323296}.Release|Any CPU.ActiveCfg = Release|Any CPU
		{230F467C-E270-4C7E-9BEE-08AA80323296}.Release|Any CPU.Build.0 = Release|Any CPU
		{FA1FD1D8-140B-4AA9-9E49-2885863EFFE9}.Debug|Any CPU.ActiveCfg = Debug|Any CPU
		{FA1FD1D8-140B-4AA9-9E49-2885863EFFE9}.Debug|Any CPU.Build.0 = Debug|Any CPU
		{FA1FD1D8-140B-4AA9-9E49-2885863EFFE9}.Release|Any CPU.ActiveCfg = Release|Any CPU
		{FA1FD1D8-140B-4AA9-9E49-2885863EFFE9}.Release|Any CPU.Build.0 = Release|Any CPU
		{172D68A3-AFEA-4F7C-8447-9DFA85835785}.Debug|Any CPU.ActiveCfg = Debug|Any CPU
		{172D68A3-AFEA-4F7C-8447-9DFA85835785}.Debug|Any CPU.Build.0 = Debug|Any CPU
		{172D68A3-AFEA-4F7C-8447-9DFA85835785}.Release|Any CPU.ActiveCfg = Release|Any CPU
		{172D68A3-AFEA-4F7C-8447-9DFA85835785}.Release|Any CPU.Build.0 = Release|Any CPU
		{25F2DA83-5EAE-486F-B4CE-94CDBB048716}.Debug|Any CPU.ActiveCfg = Debug|Any CPU
		{25F2DA83-5EAE-486F-B4CE-94CDBB048716}.Debug|Any CPU.Build.0 = Debug|Any CPU
		{25F2DA83-5EAE-486F-B4CE-94CDBB048716}.Release|Any CPU.ActiveCfg = Release|Any CPU
		{25F2DA83-5EAE-486F-B4CE-94CDBB048716}.Release|Any CPU.Build.0 = Release|Any CPU
		{B4D232A1-C83E-43A4-B15C-861126B4A0D3}.Debug|Any CPU.ActiveCfg = Debug|Any CPU
		{B4D232A1-C83E-43A4-B15C-861126B4A0D3}.Debug|Any CPU.Build.0 = Debug|Any CPU
		{B4D232A1-C83E-43A4-B15C-861126B4A0D3}.Release|Any CPU.ActiveCfg = Release|Any CPU
		{B4D232A1-C83E-43A4-B15C-861126B4A0D3}.Release|Any CPU.Build.0 = Release|Any CPU
	EndGlobalSection
	GlobalSection(NestedProjects) = preSolution
		{FDE1A281-4E8A-4FCA-BBAB-883AE8EB7F3E} = {D0DC05B9-7E99-4F1E-B36C-503D20BF8774}
		{0AEC473A-683F-49F9-B4E7-47A501CDB3E8} = {78C5C953-34BE-4B66-ACF9-BBDFE3514E98}
		{AEBCC0BE-26F0-428E-A0E0-3B41852CBFB3} = {0AEC473A-683F-49F9-B4E7-47A501CDB3E8}
		{FBA5D46F-E4E0-4E15-9DE4-65C26A227476} = {0AEC473A-683F-49F9-B4E7-47A501CDB3E8}
		{230F467C-E270-4C7E-9BEE-08AA80323296} = {0AEC473A-683F-49F9-B4E7-47A501CDB3E8}
		{B0507783-D1FB-4680-92B1-48CADAA1B7A4} = {78C5C953-34BE-4B66-ACF9-BBDFE3514E98}
		{FA1FD1D8-140B-4AA9-9E49-2885863EFFE9} = {B0507783-D1FB-4680-92B1-48CADAA1B7A4}
		{172D68A3-AFEA-4F7C-8447-9DFA85835785} = {B0507783-D1FB-4680-92B1-48CADAA1B7A4}
		{25F2DA83-5EAE-486F-B4CE-94CDBB048716} = {B0507783-D1FB-4680-92B1-48CADAA1B7A4}
		{B4D232A1-C83E-43A4-B15C-861126B4A0D3} = {78C5C953-34BE-4B66-ACF9-BBDFE3514E98}
	EndGlobalSection
EndGlobal
